
Microsoft Visual Studio Solution File, Format Version 12.00
# Visual Studio Version 16
VisualStudioVersion = 16.0.30523.141
MinimumVisualStudioVersion = 10.0.40219.1
Project("{9A19103F-16F7-4668-BE54-9A1E7A4F7556}") = "HTTPServer", "HTTPServer\HTTPServer.csproj", "{1CF0BBFE-4F6B-4F7F-AD05-0D8640EE0AA2}"
EndProject
Project("{FAE04EC0-301F-11D3-BF4B-00C04F79EFBC}") = "HTTPServerTests", "HTTPServerTests\HTTPServerTests.csproj", "{B964C1AA-1B24-40F8-9BC3-B8BA0F77413E}"
EndProject
Global
	GlobalSection(SolutionConfigurationPlatforms) = preSolution
		Debug|Any CPU = Debug|Any CPU
		Release|Any CPU = Release|Any CPU
	EndGlobalSection
	GlobalSection(ProjectConfigurationPlatforms) = postSolution
		{1CF0BBFE-4F6B-4F7F-AD05-0D8640EE0AA2}.Debug|Any CPU.ActiveCfg = Debug|Any CPU
		{1CF0BBFE-4F6B-4F7F-AD05-0D8640EE0AA2}.Debug|Any CPU.Build.0 = Debug|Any CPU
		{1CF0BBFE-4F6B-4F7F-AD05-0D8640EE0AA2}.Release|Any CPU.ActiveCfg = Release|Any CPU
		{1CF0BBFE-4F6B-4F7F-AD05-0D8640EE0AA2}.Release|Any CPU.Build.0 = Release|Any CPU
		{B964C1AA-1B24-40F8-9BC3-B8BA0F77413E}.Debug|Any CPU.ActiveCfg = Debug|Any CPU
		{B964C1AA-1B24-40F8-9BC3-B8BA0F77413E}.Debug|Any CPU.Build.0 = Debug|Any CPU
		{B964C1AA-1B24-40F8-9BC3-B8BA0F77413E}.Release|Any CPU.ActiveCfg = Release|Any CPU
		{B964C1AA-1B24-40F8-9BC3-B8BA0F77413E}.Release|Any CPU.Build.0 = Release|Any CPU
	EndGlobalSection
	GlobalSection(SolutionProperties) = preSolution
		HideSolutionNode = FALSE
	EndGlobalSection
	GlobalSection(ExtensibilityGlobals) = postSolution
		SolutionGuid = {FA778A91-07FC-45CE-8B14-235F0AA298E4}
	EndGlobalSection
EndGlobal
